
Microsoft Visual Studio Solution File, Format Version 12.00
# Visual Studio Version 16
VisualStudioVersion = 16.0.31112.23
MinimumVisualStudioVersion = 10.0.40219.1
Project("{FAE04EC0-301F-11D3-BF4B-00C04F79EFBC}") = "palikohrnne-web-app", "palikohrnne-web-app\palikohrnne-web-app.csproj", "{1CF9AC0B-718A-4185-AF25-010A505B14D9}"
EndProject
Global
	GlobalSection(SolutionConfigurationPlatforms) = preSolution
		Debug|Any CPU = Debug|Any CPU
		Release|Any CPU = Release|Any CPU
	EndGlobalSection
	GlobalSection(ProjectConfigurationPlatforms) = postSolution
		{1CF9AC0B-718A-4185-AF25-010A505B14D9}.Debug|Any CPU.ActiveCfg = Debug|Any CPU
		{1CF9AC0B-718A-4185-AF25-010A505B14D9}.Debug|Any CPU.Build.0 = Debug|Any CPU
		{1CF9AC0B-718A-4185-AF25-010A505B14D9}.Release|Any CPU.ActiveCfg = Release|Any CPU
		{1CF9AC0B-718A-4185-AF25-010A505B14D9}.Release|Any CPU.Build.0 = Release|Any CPU
	EndGlobalSection
	GlobalSection(SolutionProperties) = preSolution
		HideSolutionNode = FALSE
	EndGlobalSection
	GlobalSection(ExtensibilityGlobals) = postSolution
		SolutionGuid = {A3B06773-B46B-480E-B84E-73348C27FC87}
	EndGlobalSection
EndGlobal
